
Microsoft Visual Studio Solution File, Format Version 12.00
# Visual Studio Version 17
VisualStudioVersion = 17.12.35527.113 d17.12
MinimumVisualStudioVersion = 10.0.40219.1
Project("{FAE04EC0-301F-11D3-BF4B-00C04F79EFBC}") = "Tennis.Domain", "..\Tennis.Domain\Tennis.Domain.csproj", "{0AE73B07-4572-4AA7-AD6A-028CA1341FC7}"
EndProject
Project("{FAE04EC0-301F-11D3-BF4B-00C04F79EFBC}") = "Tennis.Infrastructure", "..\Tennis.Infrastructure\Tennis.Infrastructure.csproj", "{FD73DD86-32B2-44CB-835C-2E69C8124361}"
EndProject
Project("{FAE04EC0-301F-11D3-BF4B-00C04F79EFBC}") = "Tennis.Application", "..\Tennis.Application\Tennis.Application.csproj", "{6DCD3505-DE90-48D3-A033-A0131989E491}"
EndProject
Project("{FAE04EC0-301F-11D3-BF4B-00C04F79EFBC}") = "Tennis.API", "..\Tennis.API\Tennis.API.csproj", "{D7812B83-6634-4EED-A027-1DE7DEF5A196}"
EndProject
Global
	GlobalSection(SolutionConfigurationPlatforms) = preSolution
		Debug|Any CPU = Debug|Any CPU
		Debug|x64 = Debug|x64
		Debug|x86 = Debug|x86
		Release|Any CPU = Release|Any CPU
		Release|x64 = Release|x64
		Release|x86 = Release|x86
	EndGlobalSection
	GlobalSection(ProjectConfigurationPlatforms) = postSolution
		{0AE73B07-4572-4AA7-AD6A-028CA1341FC7}.Debug|Any CPU.ActiveCfg = Debug|Any CPU
		{0AE73B07-4572-4AA7-AD6A-028CA1341FC7}.Debug|Any CPU.Build.0 = Debug|Any CPU
		{0AE73B07-4572-4AA7-AD6A-028CA1341FC7}.Debug|x64.ActiveCfg = Debug|Any CPU
		{0AE73B07-4572-4AA7-AD6A-028CA1341FC7}.Debug|x64.Build.0 = Debug|Any CPU
		{0AE73B07-4572-4AA7-AD6A-028CA1341FC7}.Debug|x86.ActiveCfg = Debug|Any CPU
		{0AE73B07-4572-4AA7-AD6A-028CA1341FC7}.Debug|x86.Build.0 = Debug|Any CPU
		{0AE73B07-4572-4AA7-AD6A-028CA1341FC7}.Release|Any CPU.ActiveCfg = Release|Any CPU
		{0AE73B07-4572-4AA7-AD6A-028CA1341FC7}.Release|Any CPU.Build.0 = Release|Any CPU
		{0AE73B07-4572-4AA7-AD6A-028CA1341FC7}.Release|x64.ActiveCfg = Release|Any CPU
		{0AE73B07-4572-4AA7-AD6A-028CA1341FC7}.Release|x64.Build.0 = Release|Any CPU
		{0AE73B07-4572-4AA7-AD6A-028CA1341FC7}.Release|x86.ActiveCfg = Release|Any CPU
		{0AE73B07-4572-4AA7-AD6A-028CA1341FC7}.Release|x86.Build.0 = Release|Any CPU
		{FD73DD86-32B2-44CB-835C-2E69C8124361}.Debug|Any CPU.ActiveCfg = Debug|Any CPU
		{FD73DD86-32B2-44CB-835C-2E69C8124361}.Debug|Any CPU.Build.0 = Debug|Any CPU
		{FD73DD86-32B2-44CB-835C-2E69C8124361}.Debug|x64.ActiveCfg = Debug|Any CPU
		{FD73DD86-32B2-44CB-835C-2E69C8124361}.Debug|x64.Build.0 = Debug|Any CPU
		{FD73DD86-32B2-44CB-835C-2E69C8124361}.Debug|x86.ActiveCfg = Debug|Any CPU
		{FD73DD86-32B2-44CB-835C-2E69C8124361}.Debug|x86.Build.0 = Debug|Any CPU
		{FD73DD86-32B2-44CB-835C-2E69C8124361}.Release|Any CPU.ActiveCfg = Release|Any CPU
		{FD73DD86-32B2-44CB-835C-2E69C8124361}.Release|Any CPU.Build.0 = Release|Any CPU
		{FD73DD86-32B2-44CB-835C-2E69C8124361}.Release|x64.ActiveCfg = Release|Any CPU
		{FD73DD86-32B2-44CB-835C-2E69C8124361}.Release|x64.Build.0 = Release|Any CPU
		{FD73DD86-32B2-44CB-835C-2E69C8124361}.Release|x86.ActiveCfg = Release|Any CPU
		{FD73DD86-32B2-44CB-835C-2E69C8124361}.Release|x86.Build.0 = Release|Any CPU
		{6DCD3505-DE90-48D3-A033-A0131989E491}.Debug|Any CPU.ActiveCfg = Debug|Any CPU
		{6DCD3505-DE90-48D3-A033-A0131989E491}.Debug|Any CPU.Build.0 = Debug|Any CPU
		{6DCD3505-DE90-48D3-A033-A0131989E491}.Debug|x64.ActiveCfg = Debug|Any CPU
		{6DCD3505-DE90-48D3-A033-A0131989E491}.Debug|x64.Build.0 = Debug|Any CPU
		{6DCD3505-DE90-48D3-A033-A0131989E491}.Debug|x86.ActiveCfg = Debug|Any CPU
		{6DCD3505-DE90-48D3-A033-A0131989E491}.Debug|x86.Build.0 = Debug|Any CPU
		{6DCD3505-DE90-48D3-A033-A0131989E491}.Release|Any CPU.ActiveCfg = Release|Any CPU
		{6DCD3505-DE90-48D3-A033-A0131989E491}.Release|Any CPU.Build.0 = Release|Any CPU
		{6DCD3505-DE90-48D3-A033-A0131989E491}.Release|x64.ActiveCfg = Release|Any CPU
		{6DCD3505-DE90-48D3-A033-A0131989E491}.Release|x64.Build.0 = Release|Any CPU
		{6DCD3505-DE90-48D3-A033-A0131989E491}.Release|x86.ActiveCfg = Release|Any CPU
		{6DCD3505-DE90-48D3-A033-A0131989E491}.Release|x86.Build.0 = Release|Any CPU
		{D7812B83-6634-4EED-A027-1DE7DEF5A196}.Debug|Any CPU.ActiveCfg = Debug|Any CPU
		{D7812B83-6634-4EED-A027-1DE7DEF5A196}.Debug|Any CPU.Build.0 = Debug|Any CPU
		{D7812B83-6634-4EED-A027-1DE7DEF5A196}.Debug|x64.ActiveCfg = Debug|Any CPU
		{D7812B83-6634-4EED-A027-1DE7DEF5A196}.Debug|x64.Build.0 = Debug|Any CPU
		{D7812B83-6634-4EED-A027-1DE7DEF5A196}.Debug|x86.ActiveCfg = Debug|Any CPU
		{D7812B83-6634-4EED-A027-1DE7DEF5A196}.Debug|x86.Build.0 = Debug|Any CPU
		{D7812B83-6634-4EED-A027-1DE7DEF5A196}.Release|Any CPU.ActiveCfg = Release|Any CPU
		{D7812B83-6634-4EED-A027-1DE7DEF5A196}.Release|Any CPU.Build.0 = Release|Any CPU
		{D7812B83-6634-4EED-A027-1DE7DEF5A196}.Release|x64.ActiveCfg = Release|Any CPU
		{D7812B83-6634-4EED-A027-1DE7DEF5A196}.Release|x64.Build.0 = Release|Any CPU
		{D7812B83-6634-4EED-A027-1DE7DEF5A196}.Release|x86.ActiveCfg = Release|Any CPU
		{D7812B83-6634-4EED-A027-1DE7DEF5A196}.Release|x86.Build.0 = Release|Any CPU
	EndGlobalSection
	GlobalSection(SolutionProperties) = preSolution
		HideSolutionNode = FALSE
	EndGlobalSection
EndGlobal
